// !$*UTF8*$!
{
	archiveVersion = 1;
	classes = {
	};
	objectVersion = 46;
	objects = {

/* Begin PBXBuildFile section */
		DE2291261F1DBD9C00C59A0F /* AppDelegate.swift in Sources */ = {isa = PBXBuildFile; fileRef = DE2291251F1DBD9C00C59A0F /* AppDelegate.swift */; };
		DE2291281F1DBD9C00C59A0F /* MasterViewController.swift in Sources */ = {isa = PBXBuildFile; fileRef = DE2291271F1DBD9C00C59A0F /* MasterViewController.swift */; };
		DE22912A1F1DBD9C00C59A0F /* DetailViewController.swift in Sources */ = {isa = PBXBuildFile; fileRef = DE2291291F1DBD9C00C59A0F /* DetailViewController.swift */; };
		DE22912D1F1DBD9D00C59A0F /* Main.storyboard in Resources */ = {isa = PBXBuildFile; fileRef = DE22912B1F1DBD9D00C59A0F /* Main.storyboard */; };
		DE22912F1F1DBD9D00C59A0F /* Assets.xcassets in Resources */ = {isa = PBXBuildFile; fileRef = DE22912E1F1DBD9D00C59A0F /* Assets.xcassets */; };
		DE2291321F1DBD9E00C59A0F /* LaunchScreen.storyboard in Resources */ = {isa = PBXBuildFile; fileRef = DE2291301F1DBD9D00C59A0F /* LaunchScreen.storyboard */; };
/* End PBXBuildFile section */

/* Begin PBXFileReference section */
		DE2291221F1DBD9C00C59A0F /* helloworld.app */ = {isa = PBXFileReference; explicitFileType = wrapper.application; includeInIndex = 0; path = helloworld.app; sourceTree = BUILT_PRODUCTS_DIR; };
		DE2291251F1DBD9C00C59A0F /* AppDelegate.swift */ = {isa = PBXFileReference; lastKnownFileType = sourcecode.swift; path = AppDelegate.swift; sourceTree = "<group>"; };
		DE2291271F1DBD9C00C59A0F /* MasterViewController.swift */ = {isa = PBXFileReference; lastKnownFileType = sourcecode.swift; path = MasterViewController.swift; sourceTree = "<group>"; };
		DE2291291F1DBD9C00C59A0F /* DetailViewController.swift */ = {isa = PBXFileReference; lastKnownFileType = sourcecode.swift; path = DetailViewController.swift; sourceTree = "<group>"; };
		DE22912C1F1DBD9D00C59A0F /* Base */ = {isa = PBXFileReference; lastKnownFileType = file.storyboard; name = Base; path = Base.lproj/Main.storyboard; sourceTree = "<group>"; };
		DE22912E1F1DBD9D00C59A0F /* Assets.xcassets */ = {isa = PBXFileReference; lastKnownFileType = folder.assetcatalog; path = Assets.xcassets; sourceTree = "<group>"; };
		DE2291311F1DBD9E00C59A0F /* Base */ = {isa = PBXFileReference; lastKnownFileType = file.storyboard; name = Base; path = Base.lproj/LaunchScreen.storyboard; sourceTree = "<group>"; };
		DE2291331F1DBD9E00C59A0F /* Info.plist */ = {isa = PBXFileReference; lastKnownFileType = text.plist.xml; path = Info.plist; sourceTree = "<group>"; };
/* End PBXFileReference section */

/* Begin PBXFrameworksBuildPhase section */
		DE22911F1F1DBD9C00C59A0F /* Frameworks */ = {
			isa = PBXFrameworksBuildPhase;
			buildActionMask = 2147483647;
			files = (
			);
			runOnlyForDeploymentPostprocessing = 0;
		};
/* End PBXFrameworksBuildPhase section */

/* Begin PBXGroup section */
		DE2291191F1DBD9B00C59A0F = {
			isa = PBXGroup;
			children = (
				DE2291241F1DBD9C00C59A0F /* helloworld */,
				DE2291231F1DBD9C00C59A0F /* Products */,
			);
			sourceTree = "<group>";
		};
		DE2291231F1DBD9C00C59A0F /* Products */ = {
			isa = PBXGroup;
			children = (
				DE2291221F1DBD9C00C59A0F /* helloworld.app */,
			);
			name = Products;
			sourceTree = "<group>";
		};
		DE2291241F1DBD9C00C59A0F /* helloworld */ = {
			isa = PBXGroup;
			children = (
				DE2291251F1DBD9C00C59A0F /* AppDelegate.swift */,
				DE2291271F1DBD9C00C59A0F /* MasterViewController.swift */,
				DE2291291F1DBD9C00C59A0F /* DetailViewController.swift */,
				DE22912B1F1DBD9D00C59A0F /* Main.storyboard */,
				DE22912E1F1DBD9D00C59A0F /* Assets.xcassets */,
				DE2291301F1DBD9D00C59A0F /* LaunchScreen.storyboard */,
				DE2291331F1DBD9E00C59A0F /* Info.plist */,
			);
			path = helloworld;
			sourceTree = "<group>";
		};
/* End PBXGroup section */

/* Begin PBXNativeTarget section */
		DE2291211F1DBD9C00C59A0F /* helloworld */ = {
			isa = PBXNativeTarget;
			buildConfigurationList = DE2291361F1DBD9E00C59A0F /* Build configuration list for PBXNativeTarget "helloworld" */;
			buildPhases = (
				DE22911E1F1DBD9C00C59A0F /* Sources */,
				DE22911F1F1DBD9C00C59A0F /* Frameworks */,
				DE2291201F1DBD9C00C59A0F /* Resources */,
			);
			buildRules = (
			);
			dependencies = (
			);
			name = helloworld;
			productName = helloworld;
			productReference = DE2291221F1DBD9C00C59A0F /* helloworld.app */;
			productType = "com.apple.product-type.application";
		};
/* End PBXNativeTarget section */

/* Begin PBXProject section */
		DE22911A1F1DBD9B00C59A0F /* Project object */ = {
			isa = PBXProject;
			attributes = {
				LastSwiftUpdateCheck = 0830;
				LastUpgradeCheck = 0830;
				ORGANIZATIONNAME = iOSDevLog;
				TargetAttributes = {
					DE2291211F1DBD9C00C59A0F = {
						CreatedOnToolsVersion = 8.3.3;
						DevelopmentTeam = U42NM79F4W;
						ProvisioningStyle = Automatic;
					};
				};
			};
			buildConfigurationList = DE22911D1F1DBD9B00C59A0F /* Build configuration list for PBXProject "helloworld" */;
			compatibilityVersion = "Xcode 3.2";
			developmentRegion = English;
			hasScannedForEncodings = 0;
			knownRegions = (
				en,
				Base,
			);
			mainGroup = DE2291191F1DBD9B00C59A0F;
			productRefGroup = DE2291231F1DBD9C00C59A0F /* Products */;
			projectDirPath = "";
			projectRoot = "";
			targets = (
				DE2291211F1DBD9C00C59A0F /* helloworld */,
			);
		};
/* End PBXProject section */

/* Begin PBXResourcesBuildPhase section */
		DE2291201F1DBD9C00C59A0F /* Resources */ = {
			isa = PBXResourcesBuildPhase;
			buildActionMask = 2147483647;
			files = (
				DE2291321F1DBD9E00C59A0F /* LaunchScreen.storyboard in Resources */,
				DE22912F1F1DBD9D00C59A0F /* Assets.xcassets in Resources */,
				DE22912D1F1DBD9D00C59A0F /* Main.storyboard in Resources */,
			);
			runOnlyForDeploymentPostprocessing = 0;
		};
/* End PBXResourcesBuildPhase section */

/* Begin PBXSourcesBuildPhase section */
		DE22911E1F1DBD9C00C59A0F /* Sources */ = {
			isa = PBXSourcesBuildPhase;
			buildActionMask = 2147483647;
			files = (
				DE22912A1F1DBD9C00C59A0F /* DetailViewController.swift in Sources */,
				DE2291281F1DBD9C00C59A0F /* MasterViewController.swift in Sources */,
				DE2291261F1DBD9C00C59A0F /* AppDelegate.swift in Sources */,
			);
			runOnlyForDeploymentPostprocessing = 0;
		};
/* End PBXSourcesBuildPhase section */

/* Begin PBXVariantGroup section */
		DE22912B1F1DBD9D00C59A0F /* Main.storyboard */ = {
			isa = PBXVariantGroup;
			children = (
				DE22912C1F1DBD9D00C59A0F /* Base */,
			);
			name = Main.storyboard;
			sourceTree = "<group>";
		};
		DE2291301F1DBD9D00C59A0F /* LaunchScreen.storyboard */ = {
			isa = PBXVariantGroup;
			children = (
				DE2291311F1DBD9E00C59A0F /* Base */,
			);
			name = LaunchScreen.storyboard;
			sourceTree = "<group>";
		};
/* End PBXVariantGroup section */

/* Begin XCBuildConfiguration section */
		DE2291341F1DBD9E00C59A0F /* Debug */ = {
			isa = XCBuildConfiguration;
			buildSettings = {
				ALWAYS_SEARCH_USER_PATHS = NO;
				CLANG_ANALYZER_NONNULL = YES;
				CLANG_ANALYZER_NUMBER_OBJECT_CONVERSION = YES_AGGRESSIVE;
				CLANG_CXX_LANGUAGE_STANDARD = "gnu++0x";
				CLANG_CXX_LIBRARY = "libc++";
				CLANG_ENABLE_MODULES = YES;
				CLANG_ENABLE_OBJC_ARC = YES;
				CLANG_WARN_BOOL_CONVERSION = YES;
				CLANG_WARN_CONSTANT_CONVERSION = YES;
				CLANG_WARN_DIRECT_OBJC_ISA_USAGE = YES_ERROR;
				CLANG_WARN_DOCUMENTATION_COMMENTS = YES;
				CLANG_WARN_EMPTY_BODY = YES;
				CLANG_WARN_ENUM_CONVERSION = YES;
				CLANG_WARN_INFINITE_RECURSION = YES;
				CLANG_WARN_INT_CONVERSION = YES;
				CLANG_WARN_OBJC_ROOT_CLASS = YES_ERROR;
				CLANG_WARN_SUSPICIOUS_MOVE = YES;
				CLANG_WARN_UNREACHABLE_CODE = YES;
				CLANG_WARN__DUPLICATE_METHOD_MATCH = YES;
				"CODE_SIGN_IDENTITY[sdk=iphoneos*]" = "iPhone Developer";
				COPY_PHASE_STRIP = NO;
				DEBUG_INFORMATION_FORMAT = dwarf;
				ENABLE_STRICT_OBJC_MSGSEND = YES;
				ENABLE_TESTABILITY = YES;
				GCC_C_LANGUAGE_STANDARD = gnu99;
				GCC_DYNAMIC_NO_PIC = NO;
				GCC_NO_COMMON_BLOCKS = YES;
				GCC_OPTIMIZATION_LEVEL = 0;
				GCC_PREPROCESSOR_DEFINITIONS = (
					"DEBUG=1",
					"$(inherited)",
				);
				GCC_WARN_64_TO_32_BIT_CONVERSION = YES;
				GCC_WARN_ABOUT_RETURN_TYPE = YES_ERROR;
				GCC_WARN_UNDECLARED_SELECTOR = YES;
				GCC_WARN_UNINITIALIZED_AUTOS = YES_AGGRESSIVE;
				GCC_WARN_UNUSED_FUNCTION = YES;
				GCC_WARN_UNUSED_VARIABLE = YES;
				IPHONEOS_DEPLOYMENT_TARGET = 10.3;
				MTL_ENABLE_DEBUG_INFO = YES;
				ONLY_ACTIVE_ARCH = YES;
				SDKROOT = iphoneos;
				SWIFT_ACTIVE_COMPILATION_CONDITIONS = DEBUG;
				SWIFT_OPTIMIZATION_LEVEL = "-Onone";
				TARGETED_DEVICE_FAMILY = "1,2";
			};
			name = Debug;
		};
		DE2291351F1DBD9E00C59A0F /* Release */ = {
			isa = XCBuildConfiguration;
			buildSettings = {
				ALWAYS_SEARCH_USER_PATHS = NO;
				CLANG_ANALYZER_NONNULL = YES;
				CLANG_ANALYZER_NUMBER_OBJECT_CONVERSION = YES_AGGRESSIVE;
				CLANG_CXX_LANGUAGE_STANDARD = "gnu++0x";
				CLANG_CXX_LIBRARY = "libc++";
				CLANG_ENABLE_MODULES = YES;
				CLANG_ENABLE_OBJC_ARC = YES;
				CLANG_WARN_BOOL_CONVERSION = YES;
				CLANG_WARN_CONSTANT_CONVERSION = YES;
				CLANG_WARN_DIRECT_OBJC_ISA_USAGE = YES_ERROR;
				CLANG_WARN_DOCUMENTATION_COMMENTS = YES;
				CLANG_WARN_EMPTY_BODY = YES;
				CLANG_WARN_ENUM_CONVERSION = YES;
				CLANG_WARN_INFINITE_RECURSION = YES;
				CLANG_WARN_INT_CONVERSION = YES;
				CLANG_WARN_OBJC_ROOT_CLASS = YES_ERROR;
				CLANG_WARN_SUSPICIOUS_MOVE = YES;
				CLANG_WARN_UNREACHABLE_CODE = YES;
				CLANG_WARN__DUPLICATE_METHOD_MATCH = YES;
				"CODE_SIGN_IDENTITY[sdk=iphoneos*]" = "iPhone Developer";
				COPY_PHASE_STRIP = NO;
				DEBUG_INFORMATION_FORMAT = "dwarf-with-dsym";
				ENABLE_NS_ASSERTIONS = NO;
				ENABLE_STRICT_OBJC_MSGSEND = YES;
				GCC_C_LANGUAGE_STANDARD = gnu99;
				GCC_NO_COMMON_BLOCKS = YES;
				GCC_WARN_64_TO_32_BIT_CONVERSION = YES;
				GCC_WARN_ABOUT_RETURN_TYPE = YES_ERROR;
				GCC_WARN_UNDECLARED_SELECTOR = YES;
				GCC_WARN_UNINITIALIZED_AUTOS = YES_AGGRESSIVE;
				GCC_WARN_UNUSED_FUNCTION = YES;
				GCC_WARN_UNUSED_VARIABLE = YES;
				IPHONEOS_DEPLOYMENT_TARGET = 10.3;
				MTL_ENABLE_DEBUG_INFO = NO;
				SDKROOT = iphoneos;
				SWIFT_OPTIMIZATION_LEVEL = "-Owholemodule";
				TARGETED_DEVICE_FAMILY = "1,2";
				VALIDATE_PRODUCT = YES;
			};
			name = Release;
		};
		DE2291371F1DBD9E00C59A0F /* Debug */ = {
			isa = XCBuildConfiguration;
			buildSettings = {
				ASSETCATALOG_COMPILER_APPICON_NAME = AppIcon;
				DEVELOPMENT_TEAM = U42NM79F4W;
				INFOPLIST_FILE = helloworld/Info.plist;
				LD_RUNPATH_SEARCH_PATHS = "$(inherited) @executable_path/Frameworks";
				PRODUCT_BUNDLE_IDENTIFIER = com.iosdevlog.helloworld;
				PRODUCT_NAME = "$(TARGET_NAME)";
				SWIFT_VERSION = 3.0;
			};
			name = Debug;
		};
		DE2291381F1DBD9E00C59A0F /* Release */ = {
			isa = XCBuildConfiguration;
			buildSettings = {
				ASSETCATALOG_COMPILER_APPICON_NAME = AppIcon;
				DEVELOPMENT_TEAM = U42NM79F4W;
				INFOPLIST_FILE = helloworld/Info.plist;
				LD_RUNPATH_SEARCH_PATHS = "$(inherited) @executable_path/Frameworks";
				PRODUCT_BUNDLE_IDENTIFIER = com.iosdevlog.helloworld;
				PRODUCT_NAME = "$(TARGET_NAME)";
				SWIFT_VERSION = 3.0;
			};
			name = Release;
		};
/* End XCBuildConfiguration section */

/* Begin XCConfigurationList section */
		DE22911D1F1DBD9B00C59A0F /* Build configuration list for PBXProject "helloworld" */ = {
			isa = XCConfigurationList;
			buildConfigurations = (
				DE2291341F1DBD9E00C59A0F /* Debug */,
				DE2291351F1DBD9E00C59A0F /* Release */,
			);
			defaultConfigurationIsVisible = 0;
			defaultConfigurationName = Release;
		};
		DE2291361F1DBD9E00C59A0F /* Build configuration list for PBXNativeTarget "helloworld" */ = {
			isa = XCConfigurationList;
			buildConfigurations = (
				DE2291371F1DBD9E00C59A0F /* Debug */,
				DE2291381F1DBD9E00C59A0F /* Release */,
			);
			defaultConfigurationIsVisible = 0;
		};
/* End XCConfigurationList section */
	};
	rootObject = DE22911A1F1DBD9B00C59A0F /* Project object */;
}
