// !$*UTF8*$!
{
	archiveVersion = 1;
	classes = {
	};
	objectVersion = 46;
	objects = {

/* Begin PBXBuildFile section */
		2A36C1F3CB36BA5C22E1CCA6 /* Pods_helloworld.framework in Frameworks */ = {isa = PBXBuildFile; fileRef = 56B94AF11D7E6B20E3AA876A /* Pods_helloworld.framework */; };
		DE2291261F1DBD9C00C59A0F /* AppDelegate.swift in Sources */ = {isa = PBXBuildFile; fileRef = DE2291251F1DBD9C00C59A0F /* AppDelegate.swift */; };
		DE2291281F1DBD9C00C59A0F /* MasterViewController.swift in Sources */ = {isa = PBXBuildFile; fileRef = DE2291271F1DBD9C00C59A0F /* MasterViewController.swift */; };
		DE22912A1F1DBD9C00C59A0F /* DetailViewController.swift in Sources */ = {isa = PBXBuildFile; fileRef = DE2291291F1DBD9C00C59A0F /* DetailViewController.swift */; };
		DE22912D1F1DBD9D00C59A0F /* Main.storyboard in Resources */ = {isa = PBXBuildFile; fileRef = DE22912B1F1DBD9D00C59A0F /* Main.storyboard */; };
		DE22912F1F1DBD9D00C59A0F /* Assets.xcassets in Resources */ = {isa = PBXBuildFile; fileRef = DE22912E1F1DBD9D00C59A0F /* Assets.xcassets */; };
		DE756CC31F1DD76600FDC3FA /* hello-world in Resources */ = {isa = PBXBuildFile; fileRef = DE756CC21F1DD76600FDC3FA /* hello-world */; };
		DE756CC51F1E0F1600FDC3FA /* HighlightModel.swift in Sources */ = {isa = PBXBuildFile; fileRef = DE756CC41F1E0F1600FDC3FA /* HighlightModel.swift */; };
		DE756CC71F1E4A7300FDC3FA /* HelloWorldViewController.swift in Sources */ = {isa = PBXBuildFile; fileRef = DE756CC61F1E4A7300FDC3FA /* HelloWorldViewController.swift */; };
		DE756CC91F1E5A4100FDC3FA /* LaunchScreen.storyboard in Resources */ = {isa = PBXBuildFile; fileRef = DE756CC81F1E5A4100FDC3FA /* LaunchScreen.storyboard */; };
/* End PBXBuildFile section */

/* Begin PBXFileReference section */
		56B94AF11D7E6B20E3AA876A /* Pods_helloworld.framework */ = {isa = PBXFileReference; explicitFileType = wrapper.framework; includeInIndex = 0; path = Pods_helloworld.framework; sourceTree = BUILT_PRODUCTS_DIR; };
		5B0CBB5623A7AB0802B9C83E /* Pods-helloworld.debug.xcconfig */ = {isa = PBXFileReference; includeInIndex = 1; lastKnownFileType = text.xcconfig; name = "Pods-helloworld.debug.xcconfig"; path = "Pods/Target Support Files/Pods-helloworld/Pods-helloworld.debug.xcconfig"; sourceTree = "<group>"; };
		DE2291221F1DBD9C00C59A0F /* helloworld.app */ = {isa = PBXFileReference; explicitFileType = wrapper.application; includeInIndex = 0; path = helloworld.app; sourceTree = BUILT_PRODUCTS_DIR; };
		DE2291251F1DBD9C00C59A0F /* AppDelegate.swift */ = {isa = PBXFileReference; lastKnownFileType = sourcecode.swift; path = AppDelegate.swift; sourceTree = "<group>"; };
		DE2291271F1DBD9C00C59A0F /* MasterViewController.swift */ = {isa = PBXFileReference; lastKnownFileType = sourcecode.swift; path = MasterViewController.swift; sourceTree = "<group>"; };
		DE2291291F1DBD9C00C59A0F /* DetailViewController.swift */ = {isa = PBXFileReference; lastKnownFileType = sourcecode.swift; path = DetailViewController.swift; sourceTree = "<group>"; };
		DE22912C1F1DBD9D00C59A0F /* Base */ = {isa = PBXFileReference; lastKnownFileType = file.storyboard; name = Base; path = Base.lproj/Main.storyboard; sourceTree = "<group>"; };
		DE22912E1F1DBD9D00C59A0F /* Assets.xcassets */ = {isa = PBXFileReference; lastKnownFileType = folder.assetcatalog; path = Assets.xcassets; sourceTree = "<group>"; };
		DE2291331F1DBD9E00C59A0F /* Info.plist */ = {isa = PBXFileReference; lastKnownFileType = text.plist.xml; path = Info.plist; sourceTree = "<group>"; };
		DE756CC21F1DD76600FDC3FA /* hello-world */ = {isa = PBXFileReference; lastKnownFileType = folder; path = "hello-world"; sourceTree = "<group>"; };
		DE756CC41F1E0F1600FDC3FA /* HighlightModel.swift */ = {isa = PBXFileReference; fileEncoding = 4; lastKnownFileType = sourcecode.swift; path = HighlightModel.swift; sourceTree = "<group>"; };
		DE756CC61F1E4A7300FDC3FA /* HelloWorldViewController.swift */ = {isa = PBXFileReference; fileEncoding = 4; lastKnownFileType = sourcecode.swift; path = HelloWorldViewController.swift; sourceTree = "<group>"; };
		DE756CC81F1E5A4100FDC3FA /* LaunchScreen.storyboard */ = {isa = PBXFileReference; fileEncoding = 4; lastKnownFileType = file.storyboard; path = LaunchScreen.storyboard; sourceTree = "<group>"; };
		EF4FAA9D27E3E1CBE3B36242 /* Pods-helloworld.release.xcconfig */ = {isa = PBXFileReference; includeInIndex = 1; lastKnownFileType = text.xcconfig; name = "Pods-helloworld.release.xcconfig"; path = "Pods/Target Support Files/Pods-helloworld/Pods-helloworld.release.xcconfig"; sourceTree = "<group>"; };
/* End PBXFileReference section */

/* Begin PBXFrameworksBuildPhase section */
		DE22911F1F1DBD9C00C59A0F /* Frameworks */ = {
			isa = PBXFrameworksBuildPhase;
			buildActionMask = 2147483647;
			files = (
				2A36C1F3CB36BA5C22E1CCA6 /* Pods_helloworld.framework in Frameworks */,
			);
			runOnlyForDeploymentPostprocessing = 0;
		};
/* End PBXFrameworksBuildPhase section */

/* Begin PBXGroup section */
		8316D19262BF2CC764E4F790 /* Frameworks */ = {
			isa = PBXGroup;
			children = (
				56B94AF11D7E6B20E3AA876A /* Pods_helloworld.framework */,
			);
			name = Frameworks;
			sourceTree = "<group>";
		};
		994BC9C5E8712C3767051C7F /* Pods */ = {
			isa = PBXGroup;
			children = (
				5B0CBB5623A7AB0802B9C83E /* Pods-helloworld.debug.xcconfig */,
				EF4FAA9D27E3E1CBE3B36242 /* Pods-helloworld.release.xcconfig */,
			);
			name = Pods;
			sourceTree = "<group>";
		};
		DE2291191F1DBD9B00C59A0F = {
			isa = PBXGroup;
			children = (
				DE756CC21F1DD76600FDC3FA /* hello-world */,
				DE2291241F1DBD9C00C59A0F /* helloworld */,
				DE2291231F1DBD9C00C59A0F /* Products */,
				994BC9C5E8712C3767051C7F /* Pods */,
				8316D19262BF2CC764E4F790 /* Frameworks */,
			);
			sourceTree = "<group>";
		};
		DE2291231F1DBD9C00C59A0F /* Products */ = {
			isa = PBXGroup;
			children = (
				DE2291221F1DBD9C00C59A0F /* helloworld.app */,
			);
			name = Products;
			sourceTree = "<group>";
		};
		DE2291241F1DBD9C00C59A0F /* helloworld */ = {
			isa = PBXGroup;
			children = (
				DE2291251F1DBD9C00C59A0F /* AppDelegate.swift */,
				DE2291271F1DBD9C00C59A0F /* MasterViewController.swift */,
				DE2291291F1DBD9C00C59A0F /* DetailViewController.swift */,
				DE22912B1F1DBD9D00C59A0F /* Main.storyboard */,
				DE756CC61F1E4A7300FDC3FA /* HelloWorldViewController.swift */,
				DE22912E1F1DBD9D00C59A0F /* Assets.xcassets */,
				DE756CC81F1E5A4100FDC3FA /* LaunchScreen.storyboard */,
				DE2291331F1DBD9E00C59A0F /* Info.plist */,
				DE756CC41F1E0F1600FDC3FA /* HighlightModel.swift */,
			);
			path = helloworld;
			sourceTree = "<group>";
		};
/* End PBXGroup section */

/* Begin PBXNativeTarget section */
		DE2291211F1DBD9C00C59A0F /* helloworld */ = {
			isa = PBXNativeTarget;
			buildConfigurationList = DE2291361F1DBD9E00C59A0F /* Build configuration list for PBXNativeTarget "helloworld" */;
			buildPhases = (
				F21914931F5C573A2E4B61D0 /* [CP] Check Pods Manifest.lock */,
				DE22911E1F1DBD9C00C59A0F /* Sources */,
				DE22911F1F1DBD9C00C59A0F /* Frameworks */,
				DE2291201F1DBD9C00C59A0F /* Resources */,
				DE2291391F1DBE3500C59A0F /* ShellScript */,
				805E6F10BF8948D0F5ECA5F8 /* [CP] Embed Pods Frameworks */,
				B0EE3106C0F9AB147D825DA8 /* [CP] Copy Pods Resources */,
			);
			buildRules = (
			);
			dependencies = (
			);
			name = helloworld;
			productName = helloworld;
			productReference = DE2291221F1DBD9C00C59A0F /* helloworld.app */;
			productType = "com.apple.product-type.application";
		};
/* End PBXNativeTarget section */

/* Begin PBXProject section */
		DE22911A1F1DBD9B00C59A0F /* Project object */ = {
			isa = PBXProject;
			attributes = {
				LastSwiftUpdateCheck = 0830;
				LastUpgradeCheck = 0830;
				ORGANIZATIONNAME = iOSDevLog;
				TargetAttributes = {
					DE2291211F1DBD9C00C59A0F = {
						CreatedOnToolsVersion = 8.3.3;
						DevelopmentTeam = U42NM79F4W;
						ProvisioningStyle = Automatic;
					};
				};
			};
			buildConfigurationList = DE22911D1F1DBD9B00C59A0F /* Build configuration list for PBXProject "helloworld" */;
			compatibilityVersion = "Xcode 3.2";
			developmentRegion = English;
			hasScannedForEncodings = 0;
			knownRegions = (
				en,
				Base,
			);
			mainGroup = DE2291191F1DBD9B00C59A0F;
			productRefGroup = DE2291231F1DBD9C00C59A0F /* Products */;
			projectDirPath = "";
			projectRoot = "";
			targets = (
				DE2291211F1DBD9C00C59A0F /* helloworld */,
			);
		};
/* End PBXProject section */

/* Begin PBXResourcesBuildPhase section */
		DE2291201F1DBD9C00C59A0F /* Resources */ = {
			isa = PBXResourcesBuildPhase;
			buildActionMask = 2147483647;
			files = (
				DE756CC31F1DD76600FDC3FA /* hello-world in Resources */,
				DE756CC91F1E5A4100FDC3FA /* LaunchScreen.storyboard in Resources */,
				DE22912F1F1DBD9D00C59A0F /* Assets.xcassets in Resources */,
				DE22912D1F1DBD9D00C59A0F /* Main.storyboard in Resources */,
			);
			runOnlyForDeploymentPostprocessing = 0;
		};
/* End PBXResourcesBuildPhase section */

/* Begin PBXShellScriptBuildPhase section */
		805E6F10BF8948D0F5ECA5F8 /* [CP] Embed Pods Frameworks */ = {
			isa = PBXShellScriptBuildPhase;
			buildActionMask = 2147483647;
			files = (
			);
			inputPaths = (
			);
			name = "[CP] Embed Pods Frameworks";
			outputPaths = (
			);
			runOnlyForDeploymentPostprocessing = 0;
			shellPath = /bin/sh;
			shellScript = "\"${SRCROOT}/Pods/Target Support Files/Pods-helloworld/Pods-helloworld-frameworks.sh\"\n";
			showEnvVarsInLog = 0;
		};
		B0EE3106C0F9AB147D825DA8 /* [CP] Copy Pods Resources */ = {
			isa = PBXShellScriptBuildPhase;
			buildActionMask = 2147483647;
			files = (
			);
			inputPaths = (
			);
			name = "[CP] Copy Pods Resources";
			outputPaths = (
			);
			runOnlyForDeploymentPostprocessing = 0;
			shellPath = /bin/sh;
			shellScript = "\"${SRCROOT}/Pods/Target Support Files/Pods-helloworld/Pods-helloworld-resources.sh\"\n";
			showEnvVarsInLog = 0;
		};
		DE2291391F1DBE3500C59A0F /* ShellScript */ = {
			isa = PBXShellScriptBuildPhase;
			buildActionMask = 2147483647;
			files = (
			);
			inputPaths = (
			);
			outputPaths = (
			);
			runOnlyForDeploymentPostprocessing = 0;
			shellPath = /bin/sh;
			shellScript = "REV=`date +%Y%m%d%H%M%S`\n\n/usr/libexec/PlistBuddy -c \"Set :CFBundleVersion ${REV}\" \"${TARGET_BUILD_DIR}\"/${INFOPLIST_PATH}";
		};
		F21914931F5C573A2E4B61D0 /* [CP] Check Pods Manifest.lock */ = {
			isa = PBXShellScriptBuildPhase;
			buildActionMask = 2147483647;
			files = (
			);
			inputPaths = (
			);
			name = "[CP] Check Pods Manifest.lock";
			outputPaths = (
			);
			runOnlyForDeploymentPostprocessing = 0;
			shellPath = /bin/sh;
			shellScript = "diff \"${PODS_PODFILE_DIR_PATH}/Podfile.lock\" \"${PODS_ROOT}/Manifest.lock\" > /dev/null\nif [ $? != 0 ] ; then\n    # print error to STDERR\n    echo \"error: The sandbox is not in sync with the Podfile.lock. Run 'pod install' or update your CocoaPods installation.\" >&2\n    exit 1\nfi\n";
			showEnvVarsInLog = 0;
		};
/* End PBXShellScriptBuildPhase section */

/* Begin PBXSourcesBuildPhase section */
		DE22911E1F1DBD9C00C59A0F /* Sources */ = {
			isa = PBXSourcesBuildPhase;
			buildActionMask = 2147483647;
			files = (
				DE756CC51F1E0F1600FDC3FA /* HighlightModel.swift in Sources */,
				DE22912A1F1DBD9C00C59A0F /* DetailViewController.swift in Sources */,
				DE756CC71F1E4A7300FDC3FA /* HelloWorldViewController.swift in Sources */,
				DE2291281F1DBD9C00C59A0F /* MasterViewController.swift in Sources */,
				DE2291261F1DBD9C00C59A0F /* AppDelegate.swift in Sources */,
			);
			runOnlyForDeploymentPostprocessing = 0;
		};
/* End PBXSourcesBuildPhase section */

/* Begin PBXVariantGroup section */
		DE22912B1F1DBD9D00C59A0F /* Main.storyboard */ = {
			isa = PBXVariantGroup;
			children = (
				DE22912C1F1DBD9D00C59A0F /* Base */,
			);
			name = Main.storyboard;
			sourceTree = "<group>";
		};
/* End PBXVariantGroup section */

/* Begin XCBuildConfiguration section */
		DE2291341F1DBD9E00C59A0F /* Debug */ = {
			isa = XCBuildConfiguration;
			buildSettings = {
				ALWAYS_SEARCH_USER_PATHS = NO;
				CLANG_ANALYZER_NONNULL = YES;
				CLANG_ANALYZER_NUMBER_OBJECT_CONVERSION = YES_AGGRESSIVE;
				CLANG_CXX_LANGUAGE_STANDARD = "gnu++0x";
				CLANG_CXX_LIBRARY = "libc++";
				CLANG_ENABLE_MODULES = YES;
				CLANG_ENABLE_OBJC_ARC = YES;
				CLANG_WARN_BOOL_CONVERSION = YES;
				CLANG_WARN_CONSTANT_CONVERSION = YES;
				CLANG_WARN_DIRECT_OBJC_ISA_USAGE = YES_ERROR;
				CLANG_WARN_DOCUMENTATION_COMMENTS = YES;
				CLANG_WARN_EMPTY_BODY = YES;
				CLANG_WARN_ENUM_CONVERSION = YES;
				CLANG_WARN_INFINITE_RECURSION = YES;
				CLANG_WARN_INT_CONVERSION = YES;
				CLANG_WARN_OBJC_ROOT_CLASS = YES_ERROR;
				CLANG_WARN_SUSPICIOUS_MOVE = YES;
				CLANG_WARN_UNREACHABLE_CODE = YES;
				CLANG_WARN__DUPLICATE_METHOD_MATCH = YES;
				"CODE_SIGN_IDENTITY[sdk=iphoneos*]" = "iPhone Developer";
				COPY_PHASE_STRIP = NO;
				DEBUG_INFORMATION_FORMAT = dwarf;
				ENABLE_STRICT_OBJC_MSGSEND = YES;
				ENABLE_TESTABILITY = YES;
				GCC_C_LANGUAGE_STANDARD = gnu99;
				GCC_DYNAMIC_NO_PIC = NO;
				GCC_NO_COMMON_BLOCKS = YES;
				GCC_OPTIMIZATION_LEVEL = 0;
				GCC_PREPROCESSOR_DEFINITIONS = (
					"DEBUG=1",
					"$(inherited)",
				);
				GCC_WARN_64_TO_32_BIT_CONVERSION = YES;
				GCC_WARN_ABOUT_RETURN_TYPE = YES_ERROR;
				GCC_WARN_UNDECLARED_SELECTOR = YES;
				GCC_WARN_UNINITIALIZED_AUTOS = YES_AGGRESSIVE;
				GCC_WARN_UNUSED_FUNCTION = YES;
				GCC_WARN_UNUSED_VARIABLE = YES;
				IPHONEOS_DEPLOYMENT_TARGET = 10.3;
				MTL_ENABLE_DEBUG_INFO = YES;
				ONLY_ACTIVE_ARCH = YES;
				SDKROOT = iphoneos;
				SWIFT_ACTIVE_COMPILATION_CONDITIONS = DEBUG;
				SWIFT_OPTIMIZATION_LEVEL = "-Onone";
				TARGETED_DEVICE_FAMILY = "1,2";
			};
			name = Debug;
		};
		DE2291351F1DBD9E00C59A0F /* Release */ = {
			isa = XCBuildConfiguration;
			buildSettings = {
				ALWAYS_SEARCH_USER_PATHS = NO;
				CLANG_ANALYZER_NONNULL = YES;
				CLANG_ANALYZER_NUMBER_OBJECT_CONVERSION = YES_AGGRESSIVE;
				CLANG_CXX_LANGUAGE_STANDARD = "gnu++0x";
				CLANG_CXX_LIBRARY = "libc++";
				CLANG_ENABLE_MODULES = YES;
				CLANG_ENABLE_OBJC_ARC = YES;
				CLANG_WARN_BOOL_CONVERSION = YES;
				CLANG_WARN_CONSTANT_CONVERSION = YES;
				CLANG_WARN_DIRECT_OBJC_ISA_USAGE = YES_ERROR;
				CLANG_WARN_DOCUMENTATION_COMMENTS = YES;
				CLANG_WARN_EMPTY_BODY = YES;
				CLANG_WARN_ENUM_CONVERSION = YES;
				CLANG_WARN_INFINITE_RECURSION = YES;
				CLANG_WARN_INT_CONVERSION = YES;
				CLANG_WARN_OBJC_ROOT_CLASS = YES_ERROR;
				CLANG_WARN_SUSPICIOUS_MOVE = YES;
				CLANG_WARN_UNREACHABLE_CODE = YES;
				CLANG_WARN__DUPLICATE_METHOD_MATCH = YES;
				"CODE_SIGN_IDENTITY[sdk=iphoneos*]" = "iPhone Developer";
				COPY_PHASE_STRIP = NO;
				DEBUG_INFORMATION_FORMAT = "dwarf-with-dsym";
				ENABLE_NS_ASSERTIONS = NO;
				ENABLE_STRICT_OBJC_MSGSEND = YES;
				GCC_C_LANGUAGE_STANDARD = gnu99;
				GCC_NO_COMMON_BLOCKS = YES;
				GCC_WARN_64_TO_32_BIT_CONVERSION = YES;
				GCC_WARN_ABOUT_RETURN_TYPE = YES_ERROR;
				GCC_WARN_UNDECLARED_SELECTOR = YES;
				GCC_WARN_UNINITIALIZED_AUTOS = YES_AGGRESSIVE;
				GCC_WARN_UNUSED_FUNCTION = YES;
				GCC_WARN_UNUSED_VARIABLE = YES;
				IPHONEOS_DEPLOYMENT_TARGET = 10.3;
				MTL_ENABLE_DEBUG_INFO = NO;
				SDKROOT = iphoneos;
				SWIFT_OPTIMIZATION_LEVEL = "-Owholemodule";
				TARGETED_DEVICE_FAMILY = "1,2";
				VALIDATE_PRODUCT = YES;
			};
			name = Release;
		};
		DE2291371F1DBD9E00C59A0F /* Debug */ = {
			isa = XCBuildConfiguration;
			baseConfigurationReference = 5B0CBB5623A7AB0802B9C83E /* Pods-helloworld.debug.xcconfig */;
			buildSettings = {
				ASSETCATALOG_COMPILER_APPICON_NAME = AppIcon;
				DEVELOPMENT_TEAM = U42NM79F4W;
				INFOPLIST_FILE = helloworld/Info.plist;
				IPHONEOS_DEPLOYMENT_TARGET = 8.0;
				LD_RUNPATH_SEARCH_PATHS = "$(inherited) @executable_path/Frameworks";
				PRODUCT_BUNDLE_IDENTIFIER = com.iosdevlog.helloworld;
				PRODUCT_NAME = "$(TARGET_NAME)";
				SWIFT_VERSION = 3.0;
			};
			name = Debug;
		};
		DE2291381F1DBD9E00C59A0F /* Release */ = {
			isa = XCBuildConfiguration;
			baseConfigurationReference = EF4FAA9D27E3E1CBE3B36242 /* Pods-helloworld.release.xcconfig */;
			buildSettings = {
				ASSETCATALOG_COMPILER_APPICON_NAME = AppIcon;
				DEVELOPMENT_TEAM = U42NM79F4W;
				INFOPLIST_FILE = helloworld/Info.plist;
				IPHONEOS_DEPLOYMENT_TARGET = 8.0;
				LD_RUNPATH_SEARCH_PATHS = "$(inherited) @executable_path/Frameworks";
				PRODUCT_BUNDLE_IDENTIFIER = com.iosdevlog.helloworld;
				PRODUCT_NAME = "$(TARGET_NAME)";
				SWIFT_VERSION = 3.0;
			};
			name = Release;
		};
/* End XCBuildConfiguration section */

/* Begin XCConfigurationList section */
		DE22911D1F1DBD9B00C59A0F /* Build configuration list for PBXProject "helloworld" */ = {
			isa = XCConfigurationList;
			buildConfigurations = (
				DE2291341F1DBD9E00C59A0F /* Debug */,
				DE2291351F1DBD9E00C59A0F /* Release */,
			);
			defaultConfigurationIsVisible = 0;
			defaultConfigurationName = Release;
		};
		DE2291361F1DBD9E00C59A0F /* Build configuration list for PBXNativeTarget "helloworld" */ = {
			isa = XCConfigurationList;
			buildConfigurations = (
				DE2291371F1DBD9E00C59A0F /* Debug */,
				DE2291381F1DBD9E00C59A0F /* Release */,
			);
			defaultConfigurationIsVisible = 0;
			defaultConfigurationName = Release;
		};
/* End XCConfigurationList section */
	};
	rootObject = DE22911A1F1DBD9B00C59A0F /* Project object */;
}
